
Microsoft Visual Studio Solution File, Format Version 12.00
# Visual Studio Version 17
VisualStudioVersion = 17.7.34031.279
MinimumVisualStudioVersion = 10.0.40219.1
Project("{FAE04EC0-301F-11D3-BF4B-00C04F79EFBC}") = "SuperCalculator", "SuperCalculator\SuperCalculator.csproj", "{09A63680-73EE-42AD-BFB7-542B439E33AC}"
EndProject
Project("{FAE04EC0-301F-11D3-BF4B-00C04F79EFBC}") = "SuperCalculator.UnitTests", "SuperCalculator.UnitTests\SuperCalculator.UnitTests.csproj", "{0EDE7F53-1474-4268-9D34-7CCF8AC780F0}"
EndProject
Global
	GlobalSection(SolutionConfigurationPlatforms) = preSolution
		Debug|Any CPU = Debug|Any CPU
		Release|Any CPU = Release|Any CPU
	EndGlobalSection
	GlobalSection(ProjectConfigurationPlatforms) = postSolution
		{09A63680-73EE-42AD-BFB7-542B439E33AC}.Debug|Any CPU.ActiveCfg = Debug|Any CPU
		{09A63680-73EE-42AD-BFB7-542B439E33AC}.Debug|Any CPU.Build.0 = Debug|Any CPU
		{09A63680-73EE-42AD-BFB7-542B439E33AC}.Release|Any CPU.ActiveCfg = Release|Any CPU
		{09A63680-73EE-42AD-BFB7-542B439E33AC}.Release|Any CPU.Build.0 = Release|Any CPU
		{0EDE7F53-1474-4268-9D34-7CCF8AC780F0}.Debug|Any CPU.ActiveCfg = Debug|Any CPU
		{0EDE7F53-1474-4268-9D34-7CCF8AC780F0}.Debug|Any CPU.Build.0 = Debug|Any CPU
		{0EDE7F53-1474-4268-9D34-7CCF8AC780F0}.Release|Any CPU.ActiveCfg = Release|Any CPU
		{0EDE7F53-1474-4268-9D34-7CCF8AC780F0}.Release|Any CPU.Build.0 = Release|Any CPU
	EndGlobalSection
	GlobalSection(SolutionProperties) = preSolution
		HideSolutionNode = FALSE
	EndGlobalSection
	GlobalSection(ExtensibilityGlobals) = postSolution
		SolutionGuid = {EDA9A42D-C3B2-4B4A-BE43-9BF9AAB4DA8E}
	EndGlobalSection
EndGlobal
